
Microsoft Visual Studio Solution File, Format Version 12.00
# Visual Studio Version 17
VisualStudioVersion = 17.6.33723.286
MinimumVisualStudioVersion = 10.0.40219.1
Project("{9A19103F-16F7-4668-BE54-9A1E7A4F7556}") = "AlgoritmosIntermediario", "AlgoritmosIntermediario\AlgoritmosIntermediario.csproj", "{10FEF9C3-3CBF-4BDB-A246-4C6E99B55572}"
EndProject
Project("{9A19103F-16F7-4668-BE54-9A1E7A4F7556}") = "AlgoritmosIntermediarios_2", "AlgoritmosIntermediarios_2\AlgoritmosIntermediarios_2.csproj", "{19E08914-A3C8-412D-B4A3-0F4741147983}"
EndProject
Project("{9A19103F-16F7-4668-BE54-9A1E7A4F7556}") = "AlgoritmosIntermediarios_3", "AlgoritmosIntermediarios_3\AlgoritmosIntermediarios_3.csproj", "{836D5D75-B8D3-4D98-8B5C-7A85B4C85235}"
EndProject
Project("{9A19103F-16F7-4668-BE54-9A1E7A4F7556}") = "AlgoritmosIntermediarios_5", "AlgoritmosIntermediarios_5\AlgoritmosIntermediarios_5.csproj", "{1382CF47-83D6-48DF-A897-7B04F12B5836}"
EndProject
Project("{9A19103F-16F7-4668-BE54-9A1E7A4F7556}") = "AlgoritmosIntermediarios_6", "AlgoritmosIntermediarios_6\AlgoritmosIntermediarios_6.csproj", "{459AD977-17D5-413A-BB86-6050878B099C}"
EndProject
Project("{9A19103F-16F7-4668-BE54-9A1E7A4F7556}") = "AlgoritmosIntermediarios_7", "AlgoritmosIntermediarios_7\AlgoritmosIntermediarios_7.csproj", "{BC5CC96B-47AF-4F83-BACE-857C01626460}"
EndProject
Project("{FAE04EC0-301F-11D3-BF4B-00C04F79EFBC}") = "AlgoritmosIntermediarios_4", "AlgoritmosIntermediarios_4\AlgoritmosIntermediarios_4.csproj", "{1420E377-2263-4BB1-8B6B-ABD2A1C0A797}"
EndProject
Global
	GlobalSection(SolutionConfigurationPlatforms) = preSolution
		Debug|Any CPU = Debug|Any CPU
		Release|Any CPU = Release|Any CPU
	EndGlobalSection
	GlobalSection(ProjectConfigurationPlatforms) = postSolution
		{10FEF9C3-3CBF-4BDB-A246-4C6E99B55572}.Debug|Any CPU.ActiveCfg = Debug|Any CPU
		{10FEF9C3-3CBF-4BDB-A246-4C6E99B55572}.Debug|Any CPU.Build.0 = Debug|Any CPU
		{10FEF9C3-3CBF-4BDB-A246-4C6E99B55572}.Release|Any CPU.ActiveCfg = Release|Any CPU
		{10FEF9C3-3CBF-4BDB-A246-4C6E99B55572}.Release|Any CPU.Build.0 = Release|Any CPU
		{19E08914-A3C8-412D-B4A3-0F4741147983}.Debug|Any CPU.ActiveCfg = Debug|Any CPU
		{19E08914-A3C8-412D-B4A3-0F4741147983}.Debug|Any CPU.Build.0 = Debug|Any CPU
		{19E08914-A3C8-412D-B4A3-0F4741147983}.Release|Any CPU.ActiveCfg = Release|Any CPU
		{19E08914-A3C8-412D-B4A3-0F4741147983}.Release|Any CPU.Build.0 = Release|Any CPU
		{836D5D75-B8D3-4D98-8B5C-7A85B4C85235}.Debug|Any CPU.ActiveCfg = Debug|Any CPU
		{836D5D75-B8D3-4D98-8B5C-7A85B4C85235}.Debug|Any CPU.Build.0 = Debug|Any CPU
		{836D5D75-B8D3-4D98-8B5C-7A85B4C85235}.Release|Any CPU.ActiveCfg = Release|Any CPU
		{836D5D75-B8D3-4D98-8B5C-7A85B4C85235}.Release|Any CPU.Build.0 = Release|Any CPU
		{1382CF47-83D6-48DF-A897-7B04F12B5836}.Debug|Any CPU.ActiveCfg = Debug|Any CPU
		{1382CF47-83D6-48DF-A897-7B04F12B5836}.Debug|Any CPU.Build.0 = Debug|Any CPU
		{1382CF47-83D6-48DF-A897-7B04F12B5836}.Release|Any CPU.ActiveCfg = Release|Any CPU
		{1382CF47-83D6-48DF-A897-7B04F12B5836}.Release|Any CPU.Build.0 = Release|Any CPU
		{459AD977-17D5-413A-BB86-6050878B099C}.Debug|Any CPU.ActiveCfg = Debug|Any CPU
		{459AD977-17D5-413A-BB86-6050878B099C}.Debug|Any CPU.Build.0 = Debug|Any CPU
		{459AD977-17D5-413A-BB86-6050878B099C}.Release|Any CPU.ActiveCfg = Release|Any CPU
		{459AD977-17D5-413A-BB86-6050878B099C}.Release|Any CPU.Build.0 = Release|Any CPU
		{BC5CC96B-47AF-4F83-BACE-857C01626460}.Debug|Any CPU.ActiveCfg = Debug|Any CPU
		{BC5CC96B-47AF-4F83-BACE-857C01626460}.Debug|Any CPU.Build.0 = Debug|Any CPU
		{BC5CC96B-47AF-4F83-BACE-857C01626460}.Release|Any CPU.ActiveCfg = Release|Any CPU
		{BC5CC96B-47AF-4F83-BACE-857C01626460}.Release|Any CPU.Build.0 = Release|Any CPU
		{1420E377-2263-4BB1-8B6B-ABD2A1C0A797}.Debug|Any CPU.ActiveCfg = Debug|Any CPU
		{1420E377-2263-4BB1-8B6B-ABD2A1C0A797}.Debug|Any CPU.Build.0 = Debug|Any CPU
		{1420E377-2263-4BB1-8B6B-ABD2A1C0A797}.Release|Any CPU.ActiveCfg = Release|Any CPU
		{1420E377-2263-4BB1-8B6B-ABD2A1C0A797}.Release|Any CPU.Build.0 = Release|Any CPU
	EndGlobalSection
	GlobalSection(SolutionProperties) = preSolution
		HideSolutionNode = FALSE
	EndGlobalSection
	GlobalSection(ExtensibilityGlobals) = postSolution
		SolutionGuid = {428B8EB9-A691-4EBA-8388-092BA7CD39A3}
	EndGlobalSection
EndGlobal
